{
  "nodes": {
    "cosmic-applets-src": {
      "flake": false,
      "locked": {
        "lastModified": 1758302288,
        "narHash": "sha256-uUcEwa9rGHLzmlutmLl/e38ZqybfYMU0Dhe+FsT5V/E=",
        "owner": "pop-os",
        "repo": "cosmic-applets",
        "rev": "2dba07fcae15ff93ea08afac111655325c1a3eca",
        "type": "github"
      },
      "original": {
        "owner": "pop-os",
        "repo": "cosmic-applets",
        "type": "github"
      }
    },
    "cosmic-applibrary-src": {
      "flake": false,
      "locked": {
        "lastModified": 1758551407,
        "narHash": "sha256-LVNOUOVeX8QpTbUG3bOhMkdrjkF3M0sZg+agSQyWAfA=",
        "owner": "pop-os",
        "repo": "cosmic-applibrary",
        "rev": "62100ee576e82d6e3136ec147e8b82552fac7627",
        "type": "github"
      },
      "original": {
        "owner": "pop-os",
        "repo": "cosmic-applibrary",
        "type": "github"
      }
    },
    "cosmic-bg-src": {
      "flake": false,
      "locked": {
        "lastModified": 1758302426,
        "narHash": "sha256-t5tY7Axiz39lCDhDC/lKSRCURfHspeaP49kNXJvCLC4=",
        "owner": "pop-os",
        "repo": "cosmic-bg",
        "rev": "40254a7101b52b482f06d35a4d2eba8245814b2c",
        "type": "github"
      },
      "original": {
        "owner": "pop-os",
        "repo": "cosmic-bg",
        "type": "github"
      }
    },
    "cosmic-comp-src": {
      "flake": false,
      "locked": {
        "lastModified": 1758557230,
        "narHash": "sha256-RHeQk1yBNnDN/efuDDWNLn9O7FQTYLBsbs+h+gxi+Xo=",
        "owner": "pop-os",
        "repo": "cosmic-comp",
        "rev": "f339e21479c05153864af79c8fb5d005dcff8abc",
        "type": "github"
      },
      "original": {
        "owner": "pop-os",
        "repo": "cosmic-comp",
        "type": "github"
      }
    },
    "cosmic-edit-src": {
      "flake": false,
      "locked": {
        "lastModified": 1758745394,
        "narHash": "sha256-Zd/vTNZt9tPXryOwo2U68FtIul7xiRcz5N4Heuyicoc=",
        "owner": "pop-os",
        "repo": "cosmic-edit",
        "rev": "942cfc4f27f7e9d57ac09c576be75ff9458a4e67",
        "type": "github"
      },
      "original": {
        "owner": "pop-os",
        "repo": "cosmic-edit",
        "type": "github"
      }
    },
    "cosmic-files-src": {
      "flake": false,
      "locked": {
        "lastModified": 1758745421,
        "narHash": "sha256-pSjmsWsGGhjCekMTX8iiNVbF5X33zg5YVDWtemjIDWU=",
        "owner": "pop-os",
        "repo": "cosmic-files",
        "rev": "0c222e1e3a9da73c32240858c3dafc81956396f0",
        "type": "github"
      },
      "original": {
        "owner": "pop-os",
        "repo": "cosmic-files",
        "type": "github"
      }
    },
    "cosmic-greeter-src": {
      "flake": false,
      "locked": {
        "lastModified": 1758458253,
        "narHash": "sha256-rMZ+UbHarnvPaVAI5XeBfLduWEZHthguRSKLv3d/Eo0=",
        "owner": "pop-os",
        "repo": "cosmic-greeter",
        "rev": "aa0f1cc53aec0e8d7923b3b5544bfa3c008e4804",
        "type": "github"
      },
      "original": {
        "owner": "pop-os",
        "repo": "cosmic-greeter",
        "type": "github"
      }
    },
    "cosmic-icons-src": {
      "flake": false,
      "locked": {
        "lastModified": 1757977193,
        "narHash": "sha256-jxt0x0Ctk0PaaFQjf8p9y1yEgWkuEi7bR2VtybwlQAs=",
        "owner": "pop-os",
        "repo": "cosmic-icons",
        "rev": "70b07582e24ec2114672256b9657ca80670bca8a",
        "type": "github"
      },
      "original": {
        "owner": "pop-os",
        "repo": "cosmic-icons",
        "type": "github"
      }
    },
    "cosmic-idle-src": {
      "flake": false,
      "locked": {
        "lastModified": 1740507204,
        "narHash": "sha256-dRvcow+rZ4sJV6pBxRIw6SCmU3aXP9uVKtFEJ9vozzI=",
        "owner": "pop-os",
        "repo": "cosmic-idle",
        "rev": "267bb837f127eb805a17250ebcad02db57eb72cb",
        "type": "github"
      },
      "original": {
        "owner": "pop-os",
        "repo": "cosmic-idle",
        "type": "github"
      }
    },
    "cosmic-launcher-src": {
      "flake": false,
      "locked": {
        "lastModified": 1758551430,
        "narHash": "sha256-vAuWH9qmstPcfPvcKoM/2VjGxAfdtO9hhOPaZ5Ft4Y0=",
        "owner": "pop-os",
        "repo": "cosmic-launcher",
        "rev": "b411aa6bb33399642795aca9ad002ddf0b7a7dcd",
        "type": "github"
      },
      "original": {
        "owner": "pop-os",
        "repo": "cosmic-launcher",
        "type": "github"
      }
    },
    "cosmic-notifications-src": {
      "flake": false,
      "locked": {
        "lastModified": 1758311024,
        "narHash": "sha256-wgOjaiKJ1KYdYsynQV5+KKGhdneELiLTHYqjMEWaxt0=",
        "owner": "pop-os",
        "repo": "cosmic-notifications",
        "rev": "19d24637d45a32a116653f0cf1501d4eb9f8b1ee",
        "type": "github"
      },
      "original": {
        "owner": "pop-os",
        "repo": "cosmic-notifications",
        "type": "github"
      }
    },
    "cosmic-osd-src": {
      "flake": false,
      "locked": {
        "lastModified": 1758551480,
        "narHash": "sha256-tsP4dlHmzuf5QgByDWbuigMrpgnJAjuNsYwWDSutCoI=",
        "owner": "pop-os",
        "repo": "cosmic-osd",
        "rev": "fc095b351ba03011c384b89170d9557a6052f390",
        "type": "github"
      },
      "original": {
        "owner": "pop-os",
        "repo": "cosmic-osd",
        "type": "github"
      }
    },
    "cosmic-panel-src": {
      "flake": false,
      "locked": {
        "lastModified": 1758758663,
        "narHash": "sha256-gSTvF6Zcixh5/uYZuUiCIdBlXJj31+lISBwLujTuOfo=",
        "owner": "pop-os",
        "repo": "cosmic-panel",
        "rev": "1cbfafc68b68ef822f346b2c3c3a04dc04ab0e9a",
        "type": "github"
      },
      "original": {
        "owner": "pop-os",
        "repo": "cosmic-panel",
        "type": "github"
      }
    },
    "cosmic-player-src": {
      "flake": false,
      "locked": {
        "lastModified": 1758745124,
        "narHash": "sha256-oTTVVQkSkON5NTgO5+eUD2wVpiW5MvW3MZyeyqqc3qk=",
        "owner": "pop-os",
        "repo": "cosmic-player",
        "rev": "7b204a05c3611e176701f82349ebf9f1dcad7471",
        "type": "github"
      },
      "original": {
        "owner": "pop-os",
        "repo": "cosmic-player",
        "type": "github"
      }
    },
    "cosmic-protocols-src": {
      "flake": false,
      "locked": {
        "lastModified": 1758896101,
        "narHash": "sha256-KvXQJ/EIRyrlmi80WKl2T9Bn+j7GCfQlcjgcEVUxPkc=",
        "owner": "pop-os",
        "repo": "cosmic-protocols",
        "rev": "d0e95be25e423cfe523b11111a3666ed7aaf0dc4",
        "type": "github"
      },
      "original": {
        "owner": "pop-os",
        "repo": "cosmic-protocols",
        "type": "github"
      }
    },
    "cosmic-randr-src": {
      "flake": false,
      "locked": {
        "lastModified": 1757248943,
        "narHash": "sha256-daP2YZ7B1LXzqh2n0KoSTJbitdK+hlZO+Ydt9behzmQ=",
        "owner": "pop-os",
        "repo": "cosmic-randr",
        "rev": "bce9cdf2d447508d4e2d54a2be4fcd738ab51df5",
        "type": "github"
      },
      "original": {
        "owner": "pop-os",
        "repo": "cosmic-randr",
        "type": "github"
      }
    },
    "cosmic-screenshot-src": {
      "flake": false,
      "locked": {
        "lastModified": 1758716695,
        "narHash": "sha256-TKR8EDXZwKKC1WSZhlcf5U6tiM4cWCdb24U74vVKTaU=",
        "owner": "pop-os",
        "repo": "cosmic-screenshot",
        "rev": "ba59f95cb1ef28e6836535fc6e1874b5667f76f2",
        "type": "github"
      },
      "original": {
        "owner": "pop-os",
        "repo": "cosmic-screenshot",
        "type": "github"
      }
    },
    "cosmic-session-src": {
      "flake": false,
      "locked": {
        "lastModified": 1758302814,
        "narHash": "sha256-P3xXYd80P+DR1vVE0zZC+v4ARsGhRrG9N9LdP2BEfDA=",
        "owner": "pop-os",
        "repo": "cosmic-session",
        "rev": "379ce30715f637075879feda784edc89231792cf",
        "type": "github"
      },
      "original": {
        "owner": "pop-os",
        "repo": "cosmic-session",
        "type": "github"
      }
    },
    "cosmic-settings-daemon-src": {
      "flake": false,
      "locked": {
        "lastModified": 1758549341,
        "narHash": "sha256-tHG/VoaP1tcns6AyedkkVUpWFlcOclWijsHYQ3vOIjs=",
        "owner": "pop-os",
        "repo": "cosmic-settings-daemon",
        "rev": "181e8f9c6269253f173f1bbcdd1385f23c78c598",
        "type": "github"
      },
      "original": {
        "owner": "pop-os",
        "repo": "cosmic-settings-daemon",
        "type": "github"
      }
    },
    "cosmic-settings-src": {
      "flake": false,
      "locked": {
        "lastModified": 1758822726,
        "narHash": "sha256-vIc6A3jOltf2/Di/lBcEE70MAqXbN2c26x8ZlZYq59U=",
        "owner": "pop-os",
        "repo": "cosmic-settings",
        "rev": "85543122d33852c48825dcc8d61d5f2048bdfec6",
        "type": "github"
      },
      "original": {
        "owner": "pop-os",
        "repo": "cosmic-settings",
        "type": "github"
      }
    },
    "cosmic-store-src": {
      "flake": false,
      "locked": {
        "lastModified": 1758745404,
        "narHash": "sha256-KlXFFoUEa0YTQDEJHMrbWOIEsSnXvJNzzaEFYR83t9s=",
        "owner": "pop-os",
        "repo": "cosmic-store",
        "rev": "57542dcafe41a575c9353d9286e53504768dd601",
        "type": "github"
      },
      "original": {
        "owner": "pop-os",
        "repo": "cosmic-store",
        "type": "github"
      }
    },
    "cosmic-term-src": {
      "flake": false,
      "locked": {
        "lastModified": 1758745400,
        "narHash": "sha256-1kQuPMaLXq+V1fTplXKoXAVOtyuD4Sh8diljHgTDbdI=",
        "owner": "pop-os",
        "repo": "cosmic-term",
        "rev": "d9c898554d197121d082b24b9371ec3519a3d90f",
        "type": "github"
      },
      "original": {
        "owner": "pop-os",
        "repo": "cosmic-term",
        "type": "github"
      }
    },
    "cosmic-wallpapers-src": {
      "flake": false,
      "locked": {
        "lastModified": 1744123997,
        "narHash": "sha256-XtNmV6fxKFlirXQvxxgAYSQveQs8RCTfcFd8SVdEXtE=",
        "owner": "pop-os",
        "repo": "cosmic-wallpapers",
        "rev": "189c2c63d31da84ebb161acfd21a503f98a1b4c7",
        "type": "github"
      },
      "original": {
        "owner": "pop-os",
        "repo": "cosmic-wallpapers",
        "type": "github"
      }
    },
    "cosmic-workspaces-epoch-src": {
      "flake": false,
      "locked": {
        "lastModified": 1758577540,
        "narHash": "sha256-gcS8Q9SR7Dj1FH2Dtdd6jUMX8u5kHJBMvlgqJGw+rjA=",
        "owner": "pop-os",
        "repo": "cosmic-workspaces-epoch",
        "rev": "9968b0e61f106fc60cc19e57cc46321c26e496dd",
        "type": "github"
      },
      "original": {
        "owner": "pop-os",
        "repo": "cosmic-workspaces-epoch",
        "type": "github"
      }
    },
    "nixpkgs": {
      "locked": {
        "lastModified": 1758763312,
        "narHash": "sha256-puBMviZhYlqOdUUgEmMVJpXqC/ToEqSvkyZ30qQ09xM=",
        "owner": "NixOS",
        "repo": "nixpkgs",
        "rev": "e57b3b16ad8758fd681511a078f35c416a8cc939",
        "type": "github"
      },
      "original": {
        "owner": "NixOS",
        "ref": "nixpkgs-unstable",
        "repo": "nixpkgs",
        "type": "github"
      }
    },
    "root": {
      "inputs": {
        "cosmic-applets-src": "cosmic-applets-src",
        "cosmic-applibrary-src": "cosmic-applibrary-src",
        "cosmic-bg-src": "cosmic-bg-src",
        "cosmic-comp-src": "cosmic-comp-src",
        "cosmic-edit-src": "cosmic-edit-src",
        "cosmic-files-src": "cosmic-files-src",
        "cosmic-greeter-src": "cosmic-greeter-src",
        "cosmic-icons-src": "cosmic-icons-src",
        "cosmic-idle-src": "cosmic-idle-src",
        "cosmic-launcher-src": "cosmic-launcher-src",
        "cosmic-notifications-src": "cosmic-notifications-src",
        "cosmic-osd-src": "cosmic-osd-src",
        "cosmic-panel-src": "cosmic-panel-src",
        "cosmic-player-src": "cosmic-player-src",
        "cosmic-protocols-src": "cosmic-protocols-src",
        "cosmic-randr-src": "cosmic-randr-src",
        "cosmic-screenshot-src": "cosmic-screenshot-src",
        "cosmic-session-src": "cosmic-session-src",
        "cosmic-settings-daemon-src": "cosmic-settings-daemon-src",
        "cosmic-settings-src": "cosmic-settings-src",
        "cosmic-store-src": "cosmic-store-src",
        "cosmic-term-src": "cosmic-term-src",
        "cosmic-wallpapers-src": "cosmic-wallpapers-src",
        "cosmic-workspaces-epoch-src": "cosmic-workspaces-epoch-src",
        "nixpkgs": "nixpkgs",
        "xdg-desktop-portal-cosmic-src": "xdg-desktop-portal-cosmic-src"
      }
    },
    "xdg-desktop-portal-cosmic-src": {
      "flake": false,
      "locked": {
        "lastModified": 1758303341,
        "narHash": "sha256-EkhOa1Tircgyta98Zf4ZaV/tR4zZh4/bU35xjn3xU8c=",
        "owner": "pop-os",
        "repo": "xdg-desktop-portal-cosmic",
        "rev": "2477a1b39806fd0eb6831e38f0a32a81abb1a806",
        "type": "github"
      },
      "original": {
        "owner": "pop-os",
        "repo": "xdg-desktop-portal-cosmic",
        "type": "github"
      }
    }
  },
  "root": "root",
  "version": 7
}
